
Microsoft Visual Studio Solution File, Format Version 12.00
# Visual Studio 15
VisualStudioVersion = 15.0.27130.2036
MinimumVisualStudioVersion = 10.0.40219.1
Project("{2150E333-8FDC-42A3-9474-1A3956D46DE8}") = "Solution Items", "Solution Items", "{E4EB7191-C18B-4657-845C-C779AF8AFB2F}"
	ProjectSection(SolutionItems) = preProject
		README.md = README.md
	EndProjectSection
EndProject
Project("{9A19103F-16F7-4668-BE54-9A1E7A4F7556}") = "UKSF.Api", "UKSF.Api\UKSF.Api.csproj", "{E89A896F-CA6E-4E2E-835B-0AE7AD1B9284}"
EndProject
Project("{9A19103F-16F7-4668-BE54-9A1E7A4F7556}") = "UKSF.Api.Models", "UKSF.Api.Models\UKSF.Api.Models.csproj", "{BD984EC0-BAD9-4F33-8CA2-35EBD3B88C30}"
EndProject
Project("{9A19103F-16F7-4668-BE54-9A1E7A4F7556}") = "UKSF.Api.Services", "UKSF.Api.Services\UKSF.Api.Services.csproj", "{F450DFE1-70E9-4ADF-9911-FA32DB68EE1F}"
EndProject
Project("{FAE04EC0-301F-11D3-BF4B-00C04F79EFBC}") = "UKSF.Api.Data", "UKSF.Api.Data\UKSF.Api.Data.csproj", "{AE15E44A-DB7B-432F-84BA-7A01E6C54010}"
EndProject
Project("{FAE04EC0-301F-11D3-BF4B-00C04F79EFBC}") = "UKSF.Api.Interfaces", "UKSF.Api.Interfaces\UKSF.Api.Interfaces.csproj", "{462304E4-442D-46F2-B0AD-73BBCEB01C8A}"
EndProject
Project("{FAE04EC0-301F-11D3-BF4B-00C04F79EFBC}") = "UKSF.Api.Events", "UKSF.Api.Events\UKSF.Api.Events.csproj", "{F4CC9D1C-5709-47E6-BB5A-5C489BC7E99B}"
EndProject
Project("{FAE04EC0-301F-11D3-BF4B-00C04F79EFBC}") = "UKSF.Api.Signalr", "UKSF.Api.Signalr\UKSF.Api.Signalr.csproj", "{6F9B12CA-26BE-45D2-B520-A032490A53F0}"
EndProject
Project("{FAE04EC0-301F-11D3-BF4B-00C04F79EFBC}") = "UKSF.PostMessage", "UKSF.PostMessage\UKSF.PostMessage.csproj", "{B173771C-1AB7-436B-A6FF-0EF50EF5D015}"
EndProject
Project("{FAE04EC0-301F-11D3-BF4B-00C04F79EFBC}") = "UKSF.Tests", "UKSF.Tests\UKSF.Tests.csproj", "{09946FE7-A65D-483E-8B5A-ADE729760375}"
EndProject
Project("{FAE04EC0-301F-11D3-BF4B-00C04F79EFBC}") = "UKSF.Common", "UKSF.Common\UKSF.Common.csproj", "{9FB41E01-8AD4-4110-8AEE-97800CF565E8}"
EndProject
Project("{FAE04EC0-301F-11D3-BF4B-00C04F79EFBC}") = "UKSF.Api.Base", "UKSF.Api.Base\UKSF.Api.Base.csproj", "{05267EF4-BA94-4AB1-9222-507B9615E58A}"
EndProject
Project("{FAE04EC0-301F-11D3-BF4B-00C04F79EFBC}") = "UKSF.Api.Auth", "UKSF.Api.Auth\UKSF.Api.Auth.csproj", "{4274130C-CA14-4BD3-8C5C-295183DAE0AD}"
EndProject
Project("{FAE04EC0-301F-11D3-BF4B-00C04F79EFBC}") = "UKSF.Api.Admin", "UKSF.Api.Admin\UKSF.Api.Admin.csproj", "{A5A39B9A-E747-470A-853C-FBDE39BE4C0F}"
EndProject
Project("{FAE04EC0-301F-11D3-BF4B-00C04F79EFBC}") = "UKSF.Api.Utility", "UKSF.Api.Utility\UKSF.Api.Utility.csproj", "{41EE475A-438A-4715-9FD8-8B5D44179F5F}"
EndProject
Project("{FAE04EC0-301F-11D3-BF4B-00C04F79EFBC}") = "UKSF.Api.Personnel", "UKSF.Api.Personnel\UKSF.Api.Personnel.csproj", "{213E4782-D069-4C1E-AA2C-025CF6573C40}"
EndProject
Project("{FAE04EC0-301F-11D3-BF4B-00C04F79EFBC}") = "UKSF.Api.Logging", "UKSF.Api.Logging\UKSF.Api.Logging.csproj", "{293D120E-801F-4C07-A57E-29905F924DC9}"
EndProject
Global
	GlobalSection(SolutionConfigurationPlatforms) = preSolution
		Debug|x64 = Debug|x64
		Debug|x86 = Debug|x86
		Release|x64 = Release|x64
		Release|x86 = Release|x86
	EndGlobalSection
	GlobalSection(ProjectConfigurationPlatforms) = postSolution
		{E89A896F-CA6E-4E2E-835B-0AE7AD1B9284}.Debug|x64.ActiveCfg = Debug|Any CPU
		{E89A896F-CA6E-4E2E-835B-0AE7AD1B9284}.Debug|x64.Build.0 = Debug|Any CPU
		{E89A896F-CA6E-4E2E-835B-0AE7AD1B9284}.Debug|x86.ActiveCfg = Debug|Any CPU
		{E89A896F-CA6E-4E2E-835B-0AE7AD1B9284}.Debug|x86.Build.0 = Debug|Any CPU
		{E89A896F-CA6E-4E2E-835B-0AE7AD1B9284}.Release|x64.ActiveCfg = Release|Any CPU
		{E89A896F-CA6E-4E2E-835B-0AE7AD1B9284}.Release|x64.Build.0 = Release|Any CPU
		{E89A896F-CA6E-4E2E-835B-0AE7AD1B9284}.Release|x86.ActiveCfg = Release|Any CPU
		{E89A896F-CA6E-4E2E-835B-0AE7AD1B9284}.Release|x86.Build.0 = Release|Any CPU
		{BD984EC0-BAD9-4F33-8CA2-35EBD3B88C30}.Debug|x64.ActiveCfg = Debug|Any CPU
		{BD984EC0-BAD9-4F33-8CA2-35EBD3B88C30}.Debug|x64.Build.0 = Debug|Any CPU
		{BD984EC0-BAD9-4F33-8CA2-35EBD3B88C30}.Debug|x86.ActiveCfg = Debug|Any CPU
		{BD984EC0-BAD9-4F33-8CA2-35EBD3B88C30}.Debug|x86.Build.0 = Debug|Any CPU
		{BD984EC0-BAD9-4F33-8CA2-35EBD3B88C30}.Release|x64.ActiveCfg = Release|Any CPU
		{BD984EC0-BAD9-4F33-8CA2-35EBD3B88C30}.Release|x64.Build.0 = Release|Any CPU
		{BD984EC0-BAD9-4F33-8CA2-35EBD3B88C30}.Release|x86.ActiveCfg = Release|Any CPU
		{BD984EC0-BAD9-4F33-8CA2-35EBD3B88C30}.Release|x86.Build.0 = Release|Any CPU
		{F450DFE1-70E9-4ADF-9911-FA32DB68EE1F}.Debug|x64.ActiveCfg = Debug|Any CPU
		{F450DFE1-70E9-4ADF-9911-FA32DB68EE1F}.Debug|x64.Build.0 = Debug|Any CPU
		{F450DFE1-70E9-4ADF-9911-FA32DB68EE1F}.Debug|x86.ActiveCfg = Debug|Any CPU
		{F450DFE1-70E9-4ADF-9911-FA32DB68EE1F}.Debug|x86.Build.0 = Debug|Any CPU
		{F450DFE1-70E9-4ADF-9911-FA32DB68EE1F}.Release|x64.ActiveCfg = Release|Any CPU
		{F450DFE1-70E9-4ADF-9911-FA32DB68EE1F}.Release|x64.Build.0 = Release|Any CPU
		{F450DFE1-70E9-4ADF-9911-FA32DB68EE1F}.Release|x86.ActiveCfg = Release|Any CPU
		{F450DFE1-70E9-4ADF-9911-FA32DB68EE1F}.Release|x86.Build.0 = Release|Any CPU
		{AE15E44A-DB7B-432F-84BA-7A01E6C54010}.Debug|x64.ActiveCfg = Debug|Any CPU
		{AE15E44A-DB7B-432F-84BA-7A01E6C54010}.Debug|x64.Build.0 = Debug|Any CPU
		{AE15E44A-DB7B-432F-84BA-7A01E6C54010}.Debug|x86.ActiveCfg = Debug|Any CPU
		{AE15E44A-DB7B-432F-84BA-7A01E6C54010}.Debug|x86.Build.0 = Debug|Any CPU
		{AE15E44A-DB7B-432F-84BA-7A01E6C54010}.Release|x64.ActiveCfg = Release|Any CPU
		{AE15E44A-DB7B-432F-84BA-7A01E6C54010}.Release|x64.Build.0 = Release|Any CPU
		{AE15E44A-DB7B-432F-84BA-7A01E6C54010}.Release|x86.ActiveCfg = Release|Any CPU
		{AE15E44A-DB7B-432F-84BA-7A01E6C54010}.Release|x86.Build.0 = Release|Any CPU
		{462304E4-442D-46F2-B0AD-73BBCEB01C8A}.Debug|x64.ActiveCfg = Debug|Any CPU
		{462304E4-442D-46F2-B0AD-73BBCEB01C8A}.Debug|x64.Build.0 = Debug|Any CPU
		{462304E4-442D-46F2-B0AD-73BBCEB01C8A}.Debug|x86.ActiveCfg = Debug|Any CPU
		{462304E4-442D-46F2-B0AD-73BBCEB01C8A}.Debug|x86.Build.0 = Debug|Any CPU
		{462304E4-442D-46F2-B0AD-73BBCEB01C8A}.Release|x64.ActiveCfg = Release|Any CPU
		{462304E4-442D-46F2-B0AD-73BBCEB01C8A}.Release|x64.Build.0 = Release|Any CPU
		{462304E4-442D-46F2-B0AD-73BBCEB01C8A}.Release|x86.ActiveCfg = Release|Any CPU
		{462304E4-442D-46F2-B0AD-73BBCEB01C8A}.Release|x86.Build.0 = Release|Any CPU
		{F4CC9D1C-5709-47E6-BB5A-5C489BC7E99B}.Debug|x64.ActiveCfg = Debug|Any CPU
		{F4CC9D1C-5709-47E6-BB5A-5C489BC7E99B}.Debug|x64.Build.0 = Debug|Any CPU
		{F4CC9D1C-5709-47E6-BB5A-5C489BC7E99B}.Debug|x86.ActiveCfg = Debug|Any CPU
		{F4CC9D1C-5709-47E6-BB5A-5C489BC7E99B}.Debug|x86.Build.0 = Debug|Any CPU
		{F4CC9D1C-5709-47E6-BB5A-5C489BC7E99B}.Release|x64.ActiveCfg = Release|Any CPU
		{F4CC9D1C-5709-47E6-BB5A-5C489BC7E99B}.Release|x64.Build.0 = Release|Any CPU
		{F4CC9D1C-5709-47E6-BB5A-5C489BC7E99B}.Release|x86.ActiveCfg = Release|Any CPU
		{F4CC9D1C-5709-47E6-BB5A-5C489BC7E99B}.Release|x86.Build.0 = Release|Any CPU
		{6F9B12CA-26BE-45D2-B520-A032490A53F0}.Debug|x64.ActiveCfg = Debug|Any CPU
		{6F9B12CA-26BE-45D2-B520-A032490A53F0}.Debug|x64.Build.0 = Debug|Any CPU
		{6F9B12CA-26BE-45D2-B520-A032490A53F0}.Debug|x86.ActiveCfg = Debug|Any CPU
		{6F9B12CA-26BE-45D2-B520-A032490A53F0}.Debug|x86.Build.0 = Debug|Any CPU
		{6F9B12CA-26BE-45D2-B520-A032490A53F0}.Release|x64.ActiveCfg = Release|Any CPU
		{6F9B12CA-26BE-45D2-B520-A032490A53F0}.Release|x64.Build.0 = Release|Any CPU
		{6F9B12CA-26BE-45D2-B520-A032490A53F0}.Release|x86.ActiveCfg = Release|Any CPU
		{6F9B12CA-26BE-45D2-B520-A032490A53F0}.Release|x86.Build.0 = Release|Any CPU
		{B173771C-1AB7-436B-A6FF-0EF50EF5D015}.Debug|x64.ActiveCfg = Debug|Any CPU
		{B173771C-1AB7-436B-A6FF-0EF50EF5D015}.Debug|x64.Build.0 = Debug|Any CPU
		{B173771C-1AB7-436B-A6FF-0EF50EF5D015}.Debug|x86.ActiveCfg = Debug|Any CPU
		{B173771C-1AB7-436B-A6FF-0EF50EF5D015}.Debug|x86.Build.0 = Debug|Any CPU
		{B173771C-1AB7-436B-A6FF-0EF50EF5D015}.Release|x64.ActiveCfg = Release|Any CPU
		{B173771C-1AB7-436B-A6FF-0EF50EF5D015}.Release|x64.Build.0 = Release|Any CPU
		{B173771C-1AB7-436B-A6FF-0EF50EF5D015}.Release|x86.ActiveCfg = Release|Any CPU
		{B173771C-1AB7-436B-A6FF-0EF50EF5D015}.Release|x86.Build.0 = Release|Any CPU
		{09946FE7-A65D-483E-8B5A-ADE729760375}.Debug|x64.ActiveCfg = Debug|Any CPU
		{09946FE7-A65D-483E-8B5A-ADE729760375}.Debug|x64.Build.0 = Debug|Any CPU
		{09946FE7-A65D-483E-8B5A-ADE729760375}.Debug|x86.ActiveCfg = Debug|Any CPU
		{09946FE7-A65D-483E-8B5A-ADE729760375}.Debug|x86.Build.0 = Debug|Any CPU
		{09946FE7-A65D-483E-8B5A-ADE729760375}.Release|x64.ActiveCfg = Release|Any CPU
		{09946FE7-A65D-483E-8B5A-ADE729760375}.Release|x64.Build.0 = Release|Any CPU
		{09946FE7-A65D-483E-8B5A-ADE729760375}.Release|x86.ActiveCfg = Release|Any CPU
		{09946FE7-A65D-483E-8B5A-ADE729760375}.Release|x86.Build.0 = Release|Any CPU
		{9FB41E01-8AD4-4110-8AEE-97800CF565E8}.Debug|x64.ActiveCfg = Debug|Any CPU
		{9FB41E01-8AD4-4110-8AEE-97800CF565E8}.Debug|x64.Build.0 = Debug|Any CPU
		{9FB41E01-8AD4-4110-8AEE-97800CF565E8}.Debug|x86.ActiveCfg = Debug|Any CPU
		{9FB41E01-8AD4-4110-8AEE-97800CF565E8}.Debug|x86.Build.0 = Debug|Any CPU
		{9FB41E01-8AD4-4110-8AEE-97800CF565E8}.Release|x64.ActiveCfg = Release|Any CPU
		{9FB41E01-8AD4-4110-8AEE-97800CF565E8}.Release|x64.Build.0 = Release|Any CPU
		{9FB41E01-8AD4-4110-8AEE-97800CF565E8}.Release|x86.ActiveCfg = Release|Any CPU
		{9FB41E01-8AD4-4110-8AEE-97800CF565E8}.Release|x86.Build.0 = Release|Any CPU
		{05267EF4-BA94-4AB1-9222-507B9615E58A}.Debug|x64.ActiveCfg = Debug|Any CPU
		{05267EF4-BA94-4AB1-9222-507B9615E58A}.Debug|x64.Build.0 = Debug|Any CPU
		{05267EF4-BA94-4AB1-9222-507B9615E58A}.Debug|x86.ActiveCfg = Debug|Any CPU
		{05267EF4-BA94-4AB1-9222-507B9615E58A}.Debug|x86.Build.0 = Debug|Any CPU
		{05267EF4-BA94-4AB1-9222-507B9615E58A}.Release|x64.ActiveCfg = Release|Any CPU
		{05267EF4-BA94-4AB1-9222-507B9615E58A}.Release|x64.Build.0 = Release|Any CPU
		{05267EF4-BA94-4AB1-9222-507B9615E58A}.Release|x86.ActiveCfg = Release|Any CPU
		{05267EF4-BA94-4AB1-9222-507B9615E58A}.Release|x86.Build.0 = Release|Any CPU
		{4274130C-CA14-4BD3-8C5C-295183DAE0AD}.Debug|x64.ActiveCfg = Debug|Any CPU
		{4274130C-CA14-4BD3-8C5C-295183DAE0AD}.Debug|x64.Build.0 = Debug|Any CPU
		{4274130C-CA14-4BD3-8C5C-295183DAE0AD}.Debug|x86.ActiveCfg = Debug|Any CPU
		{4274130C-CA14-4BD3-8C5C-295183DAE0AD}.Debug|x86.Build.0 = Debug|Any CPU
		{4274130C-CA14-4BD3-8C5C-295183DAE0AD}.Release|x64.ActiveCfg = Release|Any CPU
		{4274130C-CA14-4BD3-8C5C-295183DAE0AD}.Release|x64.Build.0 = Release|Any CPU
		{4274130C-CA14-4BD3-8C5C-295183DAE0AD}.Release|x86.ActiveCfg = Release|Any CPU
		{4274130C-CA14-4BD3-8C5C-295183DAE0AD}.Release|x86.Build.0 = Release|Any CPU
		{A5A39B9A-E747-470A-853C-FBDE39BE4C0F}.Debug|x64.ActiveCfg = Debug|Any CPU
		{A5A39B9A-E747-470A-853C-FBDE39BE4C0F}.Debug|x64.Build.0 = Debug|Any CPU
		{A5A39B9A-E747-470A-853C-FBDE39BE4C0F}.Debug|x86.ActiveCfg = Debug|Any CPU
		{A5A39B9A-E747-470A-853C-FBDE39BE4C0F}.Debug|x86.Build.0 = Debug|Any CPU
		{A5A39B9A-E747-470A-853C-FBDE39BE4C0F}.Release|x64.ActiveCfg = Release|Any CPU
		{A5A39B9A-E747-470A-853C-FBDE39BE4C0F}.Release|x64.Build.0 = Release|Any CPU
		{A5A39B9A-E747-470A-853C-FBDE39BE4C0F}.Release|x86.ActiveCfg = Release|Any CPU
		{A5A39B9A-E747-470A-853C-FBDE39BE4C0F}.Release|x86.Build.0 = Release|Any CPU
		{41EE475A-438A-4715-9FD8-8B5D44179F5F}.Debug|x64.ActiveCfg = Debug|Any CPU
		{41EE475A-438A-4715-9FD8-8B5D44179F5F}.Debug|x64.Build.0 = Debug|Any CPU
		{41EE475A-438A-4715-9FD8-8B5D44179F5F}.Debug|x86.ActiveCfg = Debug|Any CPU
		{41EE475A-438A-4715-9FD8-8B5D44179F5F}.Debug|x86.Build.0 = Debug|Any CPU
		{41EE475A-438A-4715-9FD8-8B5D44179F5F}.Release|x64.ActiveCfg = Release|Any CPU
		{41EE475A-438A-4715-9FD8-8B5D44179F5F}.Release|x64.Build.0 = Release|Any CPU
		{41EE475A-438A-4715-9FD8-8B5D44179F5F}.Release|x86.ActiveCfg = Release|Any CPU
		{41EE475A-438A-4715-9FD8-8B5D44179F5F}.Release|x86.Build.0 = Release|Any CPU
		{213E4782-D069-4C1E-AA2C-025CF6573C40}.Debug|x64.ActiveCfg = Debug|Any CPU
		{213E4782-D069-4C1E-AA2C-025CF6573C40}.Debug|x64.Build.0 = Debug|Any CPU
		{213E4782-D069-4C1E-AA2C-025CF6573C40}.Debug|x86.ActiveCfg = Debug|Any CPU
		{213E4782-D069-4C1E-AA2C-025CF6573C40}.Debug|x86.Build.0 = Debug|Any CPU
		{213E4782-D069-4C1E-AA2C-025CF6573C40}.Release|x64.ActiveCfg = Release|Any CPU
		{213E4782-D069-4C1E-AA2C-025CF6573C40}.Release|x64.Build.0 = Release|Any CPU
		{213E4782-D069-4C1E-AA2C-025CF6573C40}.Release|x86.ActiveCfg = Release|Any CPU
		{213E4782-D069-4C1E-AA2C-025CF6573C40}.Release|x86.Build.0 = Release|Any CPU
		{293D120E-801F-4C07-A57E-29905F924DC9}.Debug|x64.ActiveCfg = Debug|Any CPU
		{293D120E-801F-4C07-A57E-29905F924DC9}.Debug|x64.Build.0 = Debug|Any CPU
		{293D120E-801F-4C07-A57E-29905F924DC9}.Debug|x86.ActiveCfg = Debug|Any CPU
		{293D120E-801F-4C07-A57E-29905F924DC9}.Debug|x86.Build.0 = Debug|Any CPU
		{293D120E-801F-4C07-A57E-29905F924DC9}.Release|x64.ActiveCfg = Release|Any CPU
		{293D120E-801F-4C07-A57E-29905F924DC9}.Release|x64.Build.0 = Release|Any CPU
		{293D120E-801F-4C07-A57E-29905F924DC9}.Release|x86.ActiveCfg = Release|Any CPU
		{293D120E-801F-4C07-A57E-29905F924DC9}.Release|x86.Build.0 = Release|Any CPU
	EndGlobalSection
	GlobalSection(SolutionProperties) = preSolution
		HideSolutionNode = FALSE
	EndGlobalSection
	GlobalSection(ExtensibilityGlobals) = postSolution
		SolutionGuid = {52F31DC3-E48E-4603-8110-C86CEBCE9272}
	EndGlobalSection
EndGlobal
