
Microsoft Visual Studio Solution File, Format Version 12.00
# Visual Studio 15
VisualStudioVersion = 15.0.27130.2036
MinimumVisualStudioVersion = 10.0.40219.1
Project("{2150E333-8FDC-42A3-9474-1A3956D46DE8}") = "Solution Items", "Solution Items", "{E4EB7191-C18B-4657-845C-C779AF8AFB2F}"
	ProjectSection(SolutionItems) = preProject
		README.md = README.md
		.editorconfig = .editorconfig
		.gitignore = .gitignore
		build.yml = build.yml
		NuGet.Config = NuGet.Config
		UKSF.Api.sln.DotSettings = UKSF.Api.sln.DotSettings
	EndProjectSection
EndProject
Project("{9A19103F-16F7-4668-BE54-9A1E7A4F7556}") = "UKSF.Api", "UKSF.Api\UKSF.Api.csproj", "{E89A896F-CA6E-4E2E-835B-0AE7AD1B9284}"
EndProject
Project("{FAE04EC0-301F-11D3-BF4B-00C04F79EFBC}") = "UKSF.PostMessage", "UKSF.PostMessage\UKSF.PostMessage.csproj", "{B173771C-1AB7-436B-A6FF-0EF50EF5D015}"
EndProject
Project("{FAE04EC0-301F-11D3-BF4B-00C04F79EFBC}") = "UKSF.Tests", "UKSF.Tests\UKSF.Tests.csproj", "{09946FE7-A65D-483E-8B5A-ADE729760375}"
EndProject
Project("{FAE04EC0-301F-11D3-BF4B-00C04F79EFBC}") = "UKSF.Api.Modpack", "UKSF.Api.Modpack\UKSF.Api.Modpack.csproj", "{16CED931-667B-4A80-95BD-A90B835223B9}"
EndProject
Project("{FAE04EC0-301F-11D3-BF4B-00C04F79EFBC}") = "UKSF.Api.ArmaServer", "UKSF.Api.ArmaServer\UKSF.Api.ArmaServer.csproj", "{AEAD533B-0A9B-4E9D-9D87-A233FD72C119}"
EndProject
Project("{FAE04EC0-301F-11D3-BF4B-00C04F79EFBC}") = "UKSF.Api.ArmaMissions", "UKSF.Api.ArmaMissions\UKSF.Api.ArmaMissions.csproj", "{375F0A90-4319-415D-82AB-959A6BC3D30F}"
EndProject
Project("{FAE04EC0-301F-11D3-BF4B-00C04F79EFBC}") = "UKSF.Api.Integrations.Discord", "UKSF.Api.Integrations.Discord\UKSF.Api.Integrations.Discord.csproj", "{068D9F53-2333-4ADF-B778-1C5096249A5D}"
EndProject
Project("{FAE04EC0-301F-11D3-BF4B-00C04F79EFBC}") = "UKSF.Api.Integrations.Teamspeak", "UKSF.Api.Integrations.Teamspeak\UKSF.Api.Integrations.Teamspeak.csproj", "{25126FE4-C25B-4536-BE45-FF36487D6DFD}"
EndProject
Project("{FAE04EC0-301F-11D3-BF4B-00C04F79EFBC}") = "UKSF.Api.Launcher", "UKSF.Api.Launcher\UKSF.Api.Launcher.csproj", "{7E90402E-6762-46B2-911E-AB890FC108A4}"
EndProject
Project("{FAE04EC0-301F-11D3-BF4B-00C04F79EFBC}") = "UKSF.Api.Integrations.Instagram", "UKSF.Api.Integrations.Instagram\UKSF.Api.Integrations.Instagram.csproj", "{B248CB10-298A-4B40-A999-FAAEFDDDD3E4}"
EndProject
Project("{FAE04EC0-301F-11D3-BF4B-00C04F79EFBC}") = "UKSF.Api.Core", "UKSF.Api.Core\UKSF.Api.Core.csproj", "{5CADD496-CF3E-4176-9AF3-F6300329827E}"
EndProject
Project("{2150E333-8FDC-42A3-9474-1A3956D46DE8}") = "Tests", "Tests", "{CC667E2D-8CA8-44C6-8459-A4EE9A4DE234}"
EndProject
Project("{FAE04EC0-301F-11D3-BF4B-00C04F79EFBC}") = "UKSF.Api.Tests", "Tests\UKSF.Api.Tests\UKSF.Api.Tests.csproj", "{56594A9C-D7DF-49E5-A515-6342F142A8A1}"
EndProject
Project("{FAE04EC0-301F-11D3-BF4B-00C04F79EFBC}") = "UKSF.Api.ArmaServer.Tests", "Tests\UKSF.Api.ArmaServer.Tests\UKSF.Api.ArmaServer.Tests.csproj", "{556EFE05-0058-4FB4-AAAA-518DD8BA4FBC}"
EndProject
Project("{FAE04EC0-301F-11D3-BF4B-00C04F79EFBC}") = "UKSF.Api.Integrations.Teamspeak.Tests", "Tests\UKSF.Api.Integrations.Teamspeak.Tests\UKSF.Api.Integrations.Teamspeak.Tests.csproj", "{22611568-B956-4086-AA66-803C0040EBBC}"
EndProject
Project("{FAE04EC0-301F-11D3-BF4B-00C04F79EFBC}") = "UKSF.Api.Modpack.Tests", "Tests\UKSF.Api.Modpack.Tests\UKSF.Api.Modpack.Tests.csproj", "{61EBA2B4-AFC8-4650-80AC-3A5BEE3E9514}"
EndProject
Project("{FAE04EC0-301F-11D3-BF4B-00C04F79EFBC}") = "UKSF.Api.Tests.Common", "Tests\UKSF.Api.Tests.Common\UKSF.Api.Tests.Common.csproj", "{A14C3385-FFD7-417D-9D49-D9953774F21C}"
EndProject
Project("{FAE04EC0-301F-11D3-BF4B-00C04F79EFBC}") = "UKSF.Api.Integrations.Discord.Tests", "Tests\UKSF.Api.Integrations.Discord.Tests\UKSF.Api.Integrations.Discord.Tests.csproj", "{443D2FDD-BA12-461F-8D54-287891F95E49}"
EndProject
Project("{FAE04EC0-301F-11D3-BF4B-00C04F79EFBC}") = "UKSF.Api.Core.Tests", "Tests\UKSF.Api.Core.Tests\UKSF.Api.Core.Tests.csproj", "{0DD52DC1-0440-45EE-91A2-A880556495B4}"
EndProject
Global
	GlobalSection(SolutionConfigurationPlatforms) = preSolution
		Debug|x64 = Debug|x64
		Debug|x86 = Debug|x86
		Release|x64 = Release|x64
		Release|x86 = Release|x86
	EndGlobalSection
	GlobalSection(ProjectConfigurationPlatforms) = postSolution
		{E89A896F-CA6E-4E2E-835B-0AE7AD1B9284}.Debug|x64.ActiveCfg = Debug|Any CPU
		{E89A896F-CA6E-4E2E-835B-0AE7AD1B9284}.Debug|x64.Build.0 = Debug|Any CPU
		{E89A896F-CA6E-4E2E-835B-0AE7AD1B9284}.Debug|x86.ActiveCfg = Debug|Any CPU
		{E89A896F-CA6E-4E2E-835B-0AE7AD1B9284}.Debug|x86.Build.0 = Debug|Any CPU
		{E89A896F-CA6E-4E2E-835B-0AE7AD1B9284}.Release|x64.ActiveCfg = Release|Any CPU
		{E89A896F-CA6E-4E2E-835B-0AE7AD1B9284}.Release|x64.Build.0 = Release|Any CPU
		{E89A896F-CA6E-4E2E-835B-0AE7AD1B9284}.Release|x86.ActiveCfg = Release|Any CPU
		{E89A896F-CA6E-4E2E-835B-0AE7AD1B9284}.Release|x86.Build.0 = Release|Any CPU
		{B173771C-1AB7-436B-A6FF-0EF50EF5D015}.Debug|x64.ActiveCfg = Debug|Any CPU
		{B173771C-1AB7-436B-A6FF-0EF50EF5D015}.Debug|x64.Build.0 = Debug|Any CPU
		{B173771C-1AB7-436B-A6FF-0EF50EF5D015}.Debug|x86.ActiveCfg = Debug|Any CPU
		{B173771C-1AB7-436B-A6FF-0EF50EF5D015}.Debug|x86.Build.0 = Debug|Any CPU
		{B173771C-1AB7-436B-A6FF-0EF50EF5D015}.Release|x64.ActiveCfg = Release|Any CPU
		{B173771C-1AB7-436B-A6FF-0EF50EF5D015}.Release|x64.Build.0 = Release|Any CPU
		{B173771C-1AB7-436B-A6FF-0EF50EF5D015}.Release|x86.ActiveCfg = Release|Any CPU
		{B173771C-1AB7-436B-A6FF-0EF50EF5D015}.Release|x86.Build.0 = Release|Any CPU
		{09946FE7-A65D-483E-8B5A-ADE729760375}.Debug|x64.ActiveCfg = Debug|Any CPU
		{09946FE7-A65D-483E-8B5A-ADE729760375}.Debug|x64.Build.0 = Debug|Any CPU
		{09946FE7-A65D-483E-8B5A-ADE729760375}.Debug|x86.ActiveCfg = Debug|Any CPU
		{09946FE7-A65D-483E-8B5A-ADE729760375}.Debug|x86.Build.0 = Debug|Any CPU
		{09946FE7-A65D-483E-8B5A-ADE729760375}.Release|x64.ActiveCfg = Release|Any CPU
		{09946FE7-A65D-483E-8B5A-ADE729760375}.Release|x64.Build.0 = Release|Any CPU
		{09946FE7-A65D-483E-8B5A-ADE729760375}.Release|x86.ActiveCfg = Release|Any CPU
		{09946FE7-A65D-483E-8B5A-ADE729760375}.Release|x86.Build.0 = Release|Any CPU
		{16CED931-667B-4A80-95BD-A90B835223B9}.Debug|x64.ActiveCfg = Debug|Any CPU
		{16CED931-667B-4A80-95BD-A90B835223B9}.Debug|x64.Build.0 = Debug|Any CPU
		{16CED931-667B-4A80-95BD-A90B835223B9}.Debug|x86.ActiveCfg = Debug|Any CPU
		{16CED931-667B-4A80-95BD-A90B835223B9}.Debug|x86.Build.0 = Debug|Any CPU
		{16CED931-667B-4A80-95BD-A90B835223B9}.Release|x64.ActiveCfg = Release|Any CPU
		{16CED931-667B-4A80-95BD-A90B835223B9}.Release|x64.Build.0 = Release|Any CPU
		{16CED931-667B-4A80-95BD-A90B835223B9}.Release|x86.ActiveCfg = Release|Any CPU
		{16CED931-667B-4A80-95BD-A90B835223B9}.Release|x86.Build.0 = Release|Any CPU
		{AEAD533B-0A9B-4E9D-9D87-A233FD72C119}.Debug|x64.ActiveCfg = Debug|Any CPU
		{AEAD533B-0A9B-4E9D-9D87-A233FD72C119}.Debug|x64.Build.0 = Debug|Any CPU
		{AEAD533B-0A9B-4E9D-9D87-A233FD72C119}.Debug|x86.ActiveCfg = Debug|Any CPU
		{AEAD533B-0A9B-4E9D-9D87-A233FD72C119}.Debug|x86.Build.0 = Debug|Any CPU
		{AEAD533B-0A9B-4E9D-9D87-A233FD72C119}.Release|x64.ActiveCfg = Release|Any CPU
		{AEAD533B-0A9B-4E9D-9D87-A233FD72C119}.Release|x64.Build.0 = Release|Any CPU
		{AEAD533B-0A9B-4E9D-9D87-A233FD72C119}.Release|x86.ActiveCfg = Release|Any CPU
		{AEAD533B-0A9B-4E9D-9D87-A233FD72C119}.Release|x86.Build.0 = Release|Any CPU
		{375F0A90-4319-415D-82AB-959A6BC3D30F}.Debug|x64.ActiveCfg = Debug|Any CPU
		{375F0A90-4319-415D-82AB-959A6BC3D30F}.Debug|x64.Build.0 = Debug|Any CPU
		{375F0A90-4319-415D-82AB-959A6BC3D30F}.Debug|x86.ActiveCfg = Debug|Any CPU
		{375F0A90-4319-415D-82AB-959A6BC3D30F}.Debug|x86.Build.0 = Debug|Any CPU
		{375F0A90-4319-415D-82AB-959A6BC3D30F}.Release|x64.ActiveCfg = Release|Any CPU
		{375F0A90-4319-415D-82AB-959A6BC3D30F}.Release|x64.Build.0 = Release|Any CPU
		{375F0A90-4319-415D-82AB-959A6BC3D30F}.Release|x86.ActiveCfg = Release|Any CPU
		{375F0A90-4319-415D-82AB-959A6BC3D30F}.Release|x86.Build.0 = Release|Any CPU
		{068D9F53-2333-4ADF-B778-1C5096249A5D}.Debug|x64.ActiveCfg = Debug|Any CPU
		{068D9F53-2333-4ADF-B778-1C5096249A5D}.Debug|x64.Build.0 = Debug|Any CPU
		{068D9F53-2333-4ADF-B778-1C5096249A5D}.Debug|x86.ActiveCfg = Debug|Any CPU
		{068D9F53-2333-4ADF-B778-1C5096249A5D}.Debug|x86.Build.0 = Debug|Any CPU
		{068D9F53-2333-4ADF-B778-1C5096249A5D}.Release|x64.ActiveCfg = Release|Any CPU
		{068D9F53-2333-4ADF-B778-1C5096249A5D}.Release|x64.Build.0 = Release|Any CPU
		{068D9F53-2333-4ADF-B778-1C5096249A5D}.Release|x86.ActiveCfg = Release|Any CPU
		{068D9F53-2333-4ADF-B778-1C5096249A5D}.Release|x86.Build.0 = Release|Any CPU
		{25126FE4-C25B-4536-BE45-FF36487D6DFD}.Debug|x64.ActiveCfg = Debug|Any CPU
		{25126FE4-C25B-4536-BE45-FF36487D6DFD}.Debug|x64.Build.0 = Debug|Any CPU
		{25126FE4-C25B-4536-BE45-FF36487D6DFD}.Debug|x86.ActiveCfg = Debug|Any CPU
		{25126FE4-C25B-4536-BE45-FF36487D6DFD}.Debug|x86.Build.0 = Debug|Any CPU
		{25126FE4-C25B-4536-BE45-FF36487D6DFD}.Release|x64.ActiveCfg = Release|Any CPU
		{25126FE4-C25B-4536-BE45-FF36487D6DFD}.Release|x64.Build.0 = Release|Any CPU
		{25126FE4-C25B-4536-BE45-FF36487D6DFD}.Release|x86.ActiveCfg = Release|Any CPU
		{25126FE4-C25B-4536-BE45-FF36487D6DFD}.Release|x86.Build.0 = Release|Any CPU
		{7E90402E-6762-46B2-911E-AB890FC108A4}.Debug|x64.ActiveCfg = Debug|Any CPU
		{7E90402E-6762-46B2-911E-AB890FC108A4}.Debug|x64.Build.0 = Debug|Any CPU
		{7E90402E-6762-46B2-911E-AB890FC108A4}.Debug|x86.ActiveCfg = Debug|Any CPU
		{7E90402E-6762-46B2-911E-AB890FC108A4}.Debug|x86.Build.0 = Debug|Any CPU
		{7E90402E-6762-46B2-911E-AB890FC108A4}.Release|x64.ActiveCfg = Release|Any CPU
		{7E90402E-6762-46B2-911E-AB890FC108A4}.Release|x64.Build.0 = Release|Any CPU
		{7E90402E-6762-46B2-911E-AB890FC108A4}.Release|x86.ActiveCfg = Release|Any CPU
		{7E90402E-6762-46B2-911E-AB890FC108A4}.Release|x86.Build.0 = Release|Any CPU
		{B248CB10-298A-4B40-A999-FAAEFDDDD3E4}.Debug|x64.ActiveCfg = Debug|Any CPU
		{B248CB10-298A-4B40-A999-FAAEFDDDD3E4}.Debug|x64.Build.0 = Debug|Any CPU
		{B248CB10-298A-4B40-A999-FAAEFDDDD3E4}.Debug|x86.ActiveCfg = Debug|Any CPU
		{B248CB10-298A-4B40-A999-FAAEFDDDD3E4}.Debug|x86.Build.0 = Debug|Any CPU
		{B248CB10-298A-4B40-A999-FAAEFDDDD3E4}.Release|x64.ActiveCfg = Release|Any CPU
		{B248CB10-298A-4B40-A999-FAAEFDDDD3E4}.Release|x64.Build.0 = Release|Any CPU
		{B248CB10-298A-4B40-A999-FAAEFDDDD3E4}.Release|x86.ActiveCfg = Release|Any CPU
		{B248CB10-298A-4B40-A999-FAAEFDDDD3E4}.Release|x86.Build.0 = Release|Any CPU
		{5CADD496-CF3E-4176-9AF3-F6300329827E}.Debug|x64.ActiveCfg = Debug|Any CPU
		{5CADD496-CF3E-4176-9AF3-F6300329827E}.Debug|x64.Build.0 = Debug|Any CPU
		{5CADD496-CF3E-4176-9AF3-F6300329827E}.Debug|x86.ActiveCfg = Debug|Any CPU
		{5CADD496-CF3E-4176-9AF3-F6300329827E}.Debug|x86.Build.0 = Debug|Any CPU
		{5CADD496-CF3E-4176-9AF3-F6300329827E}.Release|x64.ActiveCfg = Release|Any CPU
		{5CADD496-CF3E-4176-9AF3-F6300329827E}.Release|x64.Build.0 = Release|Any CPU
		{5CADD496-CF3E-4176-9AF3-F6300329827E}.Release|x86.ActiveCfg = Release|Any CPU
		{5CADD496-CF3E-4176-9AF3-F6300329827E}.Release|x86.Build.0 = Release|Any CPU
		{56594A9C-D7DF-49E5-A515-6342F142A8A1}.Debug|x64.ActiveCfg = Debug|Any CPU
		{56594A9C-D7DF-49E5-A515-6342F142A8A1}.Debug|x64.Build.0 = Debug|Any CPU
		{56594A9C-D7DF-49E5-A515-6342F142A8A1}.Debug|x86.ActiveCfg = Debug|Any CPU
		{56594A9C-D7DF-49E5-A515-6342F142A8A1}.Debug|x86.Build.0 = Debug|Any CPU
		{56594A9C-D7DF-49E5-A515-6342F142A8A1}.Release|x64.ActiveCfg = Release|Any CPU
		{56594A9C-D7DF-49E5-A515-6342F142A8A1}.Release|x64.Build.0 = Release|Any CPU
		{56594A9C-D7DF-49E5-A515-6342F142A8A1}.Release|x86.ActiveCfg = Release|Any CPU
		{56594A9C-D7DF-49E5-A515-6342F142A8A1}.Release|x86.Build.0 = Release|Any CPU
		{556EFE05-0058-4FB4-AAAA-518DD8BA4FBC}.Debug|x64.ActiveCfg = Debug|Any CPU
		{556EFE05-0058-4FB4-AAAA-518DD8BA4FBC}.Debug|x64.Build.0 = Debug|Any CPU
		{556EFE05-0058-4FB4-AAAA-518DD8BA4FBC}.Debug|x86.ActiveCfg = Debug|Any CPU
		{556EFE05-0058-4FB4-AAAA-518DD8BA4FBC}.Debug|x86.Build.0 = Debug|Any CPU
		{556EFE05-0058-4FB4-AAAA-518DD8BA4FBC}.Release|x64.ActiveCfg = Release|Any CPU
		{556EFE05-0058-4FB4-AAAA-518DD8BA4FBC}.Release|x64.Build.0 = Release|Any CPU
		{556EFE05-0058-4FB4-AAAA-518DD8BA4FBC}.Release|x86.ActiveCfg = Release|Any CPU
		{556EFE05-0058-4FB4-AAAA-518DD8BA4FBC}.Release|x86.Build.0 = Release|Any CPU
		{22611568-B956-4086-AA66-803C0040EBBC}.Debug|x64.ActiveCfg = Debug|Any CPU
		{22611568-B956-4086-AA66-803C0040EBBC}.Debug|x64.Build.0 = Debug|Any CPU
		{22611568-B956-4086-AA66-803C0040EBBC}.Debug|x86.ActiveCfg = Debug|Any CPU
		{22611568-B956-4086-AA66-803C0040EBBC}.Debug|x86.Build.0 = Debug|Any CPU
		{22611568-B956-4086-AA66-803C0040EBBC}.Release|x64.ActiveCfg = Release|Any CPU
		{22611568-B956-4086-AA66-803C0040EBBC}.Release|x64.Build.0 = Release|Any CPU
		{22611568-B956-4086-AA66-803C0040EBBC}.Release|x86.ActiveCfg = Release|Any CPU
		{22611568-B956-4086-AA66-803C0040EBBC}.Release|x86.Build.0 = Release|Any CPU
		{61EBA2B4-AFC8-4650-80AC-3A5BEE3E9514}.Debug|x64.ActiveCfg = Debug|Any CPU
		{61EBA2B4-AFC8-4650-80AC-3A5BEE3E9514}.Debug|x64.Build.0 = Debug|Any CPU
		{61EBA2B4-AFC8-4650-80AC-3A5BEE3E9514}.Debug|x86.ActiveCfg = Debug|Any CPU
		{61EBA2B4-AFC8-4650-80AC-3A5BEE3E9514}.Debug|x86.Build.0 = Debug|Any CPU
		{61EBA2B4-AFC8-4650-80AC-3A5BEE3E9514}.Release|x64.ActiveCfg = Release|Any CPU
		{61EBA2B4-AFC8-4650-80AC-3A5BEE3E9514}.Release|x64.Build.0 = Release|Any CPU
		{61EBA2B4-AFC8-4650-80AC-3A5BEE3E9514}.Release|x86.ActiveCfg = Release|Any CPU
		{61EBA2B4-AFC8-4650-80AC-3A5BEE3E9514}.Release|x86.Build.0 = Release|Any CPU
		{A14C3385-FFD7-417D-9D49-D9953774F21C}.Debug|x64.ActiveCfg = Debug|Any CPU
		{A14C3385-FFD7-417D-9D49-D9953774F21C}.Debug|x64.Build.0 = Debug|Any CPU
		{A14C3385-FFD7-417D-9D49-D9953774F21C}.Debug|x86.ActiveCfg = Debug|Any CPU
		{A14C3385-FFD7-417D-9D49-D9953774F21C}.Debug|x86.Build.0 = Debug|Any CPU
		{A14C3385-FFD7-417D-9D49-D9953774F21C}.Release|x64.ActiveCfg = Release|Any CPU
		{A14C3385-FFD7-417D-9D49-D9953774F21C}.Release|x64.Build.0 = Release|Any CPU
		{A14C3385-FFD7-417D-9D49-D9953774F21C}.Release|x86.ActiveCfg = Release|Any CPU
		{A14C3385-FFD7-417D-9D49-D9953774F21C}.Release|x86.Build.0 = Release|Any CPU
		{443D2FDD-BA12-461F-8D54-287891F95E49}.Debug|x64.ActiveCfg = Debug|Any CPU
		{443D2FDD-BA12-461F-8D54-287891F95E49}.Debug|x64.Build.0 = Debug|Any CPU
		{443D2FDD-BA12-461F-8D54-287891F95E49}.Debug|x86.ActiveCfg = Debug|Any CPU
		{443D2FDD-BA12-461F-8D54-287891F95E49}.Debug|x86.Build.0 = Debug|Any CPU
		{443D2FDD-BA12-461F-8D54-287891F95E49}.Release|x64.ActiveCfg = Release|Any CPU
		{443D2FDD-BA12-461F-8D54-287891F95E49}.Release|x64.Build.0 = Release|Any CPU
		{443D2FDD-BA12-461F-8D54-287891F95E49}.Release|x86.ActiveCfg = Release|Any CPU
		{443D2FDD-BA12-461F-8D54-287891F95E49}.Release|x86.Build.0 = Release|Any CPU
		{0DD52DC1-0440-45EE-91A2-A880556495B4}.Debug|x64.ActiveCfg = Debug|Any CPU
		{0DD52DC1-0440-45EE-91A2-A880556495B4}.Debug|x64.Build.0 = Debug|Any CPU
		{0DD52DC1-0440-45EE-91A2-A880556495B4}.Debug|x86.ActiveCfg = Debug|Any CPU
		{0DD52DC1-0440-45EE-91A2-A880556495B4}.Debug|x86.Build.0 = Debug|Any CPU
		{0DD52DC1-0440-45EE-91A2-A880556495B4}.Release|x64.ActiveCfg = Release|Any CPU
		{0DD52DC1-0440-45EE-91A2-A880556495B4}.Release|x64.Build.0 = Release|Any CPU
		{0DD52DC1-0440-45EE-91A2-A880556495B4}.Release|x86.ActiveCfg = Release|Any CPU
		{0DD52DC1-0440-45EE-91A2-A880556495B4}.Release|x86.Build.0 = Release|Any CPU
	EndGlobalSection
	GlobalSection(SolutionProperties) = preSolution
		HideSolutionNode = FALSE
	EndGlobalSection
	GlobalSection(ExtensibilityGlobals) = postSolution
		SolutionGuid = {52F31DC3-E48E-4603-8110-C86CEBCE9272}
	EndGlobalSection
	GlobalSection(NestedProjects) = preSolution
		{56594A9C-D7DF-49E5-A515-6342F142A8A1} = {CC667E2D-8CA8-44C6-8459-A4EE9A4DE234}
		{556EFE05-0058-4FB4-AAAA-518DD8BA4FBC} = {CC667E2D-8CA8-44C6-8459-A4EE9A4DE234}
		{22611568-B956-4086-AA66-803C0040EBBC} = {CC667E2D-8CA8-44C6-8459-A4EE9A4DE234}
		{61EBA2B4-AFC8-4650-80AC-3A5BEE3E9514} = {CC667E2D-8CA8-44C6-8459-A4EE9A4DE234}
		{A14C3385-FFD7-417D-9D49-D9953774F21C} = {CC667E2D-8CA8-44C6-8459-A4EE9A4DE234}
		{09946FE7-A65D-483E-8B5A-ADE729760375} = {CC667E2D-8CA8-44C6-8459-A4EE9A4DE234}
		{443D2FDD-BA12-461F-8D54-287891F95E49} = {CC667E2D-8CA8-44C6-8459-A4EE9A4DE234}
		{0DD52DC1-0440-45EE-91A2-A880556495B4} = {CC667E2D-8CA8-44C6-8459-A4EE9A4DE234}
	EndGlobalSection
EndGlobal
